// !$*UTF8*$!
{
	archiveVersion = 1;
	classes = {
	};
	objectVersion = 56;
	objects = {

/* Begin PBXBuildFile section */
		F922BDFE29DD9AE800A79EFB /* GitStoreApp.swift in Sources */ = {isa = PBXBuildFile; fileRef = F922BDFD29DD9AE800A79EFB /* GitStoreApp.swift */; };
		F922BE0029DD9AE800A79EFB /* ContentView.swift in Sources */ = {isa = PBXBuildFile; fileRef = F922BDFF29DD9AE800A79EFB /* ContentView.swift */; };
		F922BE0229DD9AEB00A79EFB /* Assets.xcassets in Resources */ = {isa = PBXBuildFile; fileRef = F922BE0129DD9AEB00A79EFB /* Assets.xcassets */; };
		F922BE0529DD9AEB00A79EFB /* Preview Assets.xcassets in Resources */ = {isa = PBXBuildFile; fileRef = F922BE0429DD9AEB00A79EFB /* Preview Assets.xcassets */; };
		F922BE1029DD9AEB00A79EFB /* GitStoreTests.swift in Sources */ = {isa = PBXBuildFile; fileRef = F922BE0F29DD9AEB00A79EFB /* GitStoreTests.swift */; };
		F922BE1A29DD9AEB00A79EFB /* GitStoreUITests.swift in Sources */ = {isa = PBXBuildFile; fileRef = F922BE1929DD9AEB00A79EFB /* GitStoreUITests.swift */; };
		F922BE1C29DD9AEB00A79EFB /* GitStoreUITestsLaunchTests.swift in Sources */ = {isa = PBXBuildFile; fileRef = F922BE1B29DD9AEB00A79EFB /* GitStoreUITestsLaunchTests.swift */; };
/* End PBXBuildFile section */

/* Begin PBXContainerItemProxy section */
		F922BE0C29DD9AEB00A79EFB /* PBXContainerItemProxy */ = {
			isa = PBXContainerItemProxy;
			containerPortal = F922BDF229DD9AE800A79EFB /* Project object */;
			proxyType = 1;
			remoteGlobalIDString = F922BDF929DD9AE800A79EFB;
			remoteInfo = GitStore;
		};
		F922BE1629DD9AEB00A79EFB /* PBXContainerItemProxy */ = {
			isa = PBXContainerItemProxy;
			containerPortal = F922BDF229DD9AE800A79EFB /* Project object */;
			proxyType = 1;
			remoteGlobalIDString = F922BDF929DD9AE800A79EFB;
			remoteInfo = GitStore;
		};
/* End PBXContainerItemProxy section */

/* Begin PBXFileReference section */
		F922BDFA29DD9AE800A79EFB /* GitStore.app */ = {isa = PBXFileReference; explicitFileType = wrapper.application; includeInIndex = 0; path = GitStore.app; sourceTree = BUILT_PRODUCTS_DIR; };
		F922BDFD29DD9AE800A79EFB /* GitStoreApp.swift */ = {isa = PBXFileReference; lastKnownFileType = sourcecode.swift; path = GitStoreApp.swift; sourceTree = "<group>"; };
		F922BDFF29DD9AE800A79EFB /* ContentView.swift */ = {isa = PBXFileReference; lastKnownFileType = sourcecode.swift; path = ContentView.swift; sourceTree = "<group>"; };
		F922BE0129DD9AEB00A79EFB /* Assets.xcassets */ = {isa = PBXFileReference; lastKnownFileType = folder.assetcatalog; path = Assets.xcassets; sourceTree = "<group>"; };
		F922BE0429DD9AEB00A79EFB /* Preview Assets.xcassets */ = {isa = PBXFileReference; lastKnownFileType = folder.assetcatalog; path = "Preview Assets.xcassets"; sourceTree = "<group>"; };
		F922BE0629DD9AEB00A79EFB /* GitStore.entitlements */ = {isa = PBXFileReference; lastKnownFileType = text.plist.entitlements; path = GitStore.entitlements; sourceTree = "<group>"; };
		F922BE0B29DD9AEB00A79EFB /* GitStoreTests.xctest */ = {isa = PBXFileReference; explicitFileType = wrapper.cfbundle; includeInIndex = 0; path = GitStoreTests.xctest; sourceTree = BUILT_PRODUCTS_DIR; };
		F922BE0F29DD9AEB00A79EFB /* GitStoreTests.swift */ = {isa = PBXFileReference; lastKnownFileType = sourcecode.swift; path = GitStoreTests.swift; sourceTree = "<group>"; };
		F922BE1529DD9AEB00A79EFB /* GitStoreUITests.xctest */ = {isa = PBXFileReference; explicitFileType = wrapper.cfbundle; includeInIndex = 0; path = GitStoreUITests.xctest; sourceTree = BUILT_PRODUCTS_DIR; };
		F922BE1929DD9AEB00A79EFB /* GitStoreUITests.swift */ = {isa = PBXFileReference; lastKnownFileType = sourcecode.swift; path = GitStoreUITests.swift; sourceTree = "<group>"; };
		F922BE1B29DD9AEB00A79EFB /* GitStoreUITestsLaunchTests.swift */ = {isa = PBXFileReference; lastKnownFileType = sourcecode.swift; path = GitStoreUITestsLaunchTests.swift; sourceTree = "<group>"; };
/* End PBXFileReference section */

/* Begin PBXFrameworksBuildPhase section */
		F922BDF729DD9AE800A79EFB /* Frameworks */ = {
			isa = PBXFrameworksBuildPhase;
			buildActionMask = 2147483647;
			files = (
			);
			runOnlyForDeploymentPostprocessing = 0;
		};
		F922BE0829DD9AEB00A79EFB /* Frameworks */ = {
			isa = PBXFrameworksBuildPhase;
			buildActionMask = 2147483647;
			files = (
			);
			runOnlyForDeploymentPostprocessing = 0;
		};
		F922BE1229DD9AEB00A79EFB /* Frameworks */ = {
			isa = PBXFrameworksBuildPhase;
			buildActionMask = 2147483647;
			files = (
			);
			runOnlyForDeploymentPostprocessing = 0;
		};
/* End PBXFrameworksBuildPhase section */

/* Begin PBXGroup section */
		F922BDF129DD9AE800A79EFB = {
			isa = PBXGroup;
			children = (
				F922BDFC29DD9AE800A79EFB /* GitStore */,
				F922BE0E29DD9AEB00A79EFB /* GitStoreTests */,
				F922BE1829DD9AEB00A79EFB /* GitStoreUITests */,
				F922BDFB29DD9AE800A79EFB /* Products */,
			);
			sourceTree = "<group>";
		};
		F922BDFB29DD9AE800A79EFB /* Products */ = {
			isa = PBXGroup;
			children = (
				F922BDFA29DD9AE800A79EFB /* GitStore.app */,
				F922BE0B29DD9AEB00A79EFB /* GitStoreTests.xctest */,
				F922BE1529DD9AEB00A79EFB /* GitStoreUITests.xctest */,
			);
			name = Products;
			sourceTree = "<group>";
		};
		F922BDFC29DD9AE800A79EFB /* GitStore */ = {
			isa = PBXGroup;
			children = (
				F922BDFD29DD9AE800A79EFB /* GitStoreApp.swift */,
				F922BDFF29DD9AE800A79EFB /* ContentView.swift */,
				F922BE0129DD9AEB00A79EFB /* Assets.xcassets */,
				F922BE0629DD9AEB00A79EFB /* GitStore.entitlements */,
				F922BE0329DD9AEB00A79EFB /* Preview Content */,
			);
			path = GitStore;
			sourceTree = "<group>";
		};
		F922BE0329DD9AEB00A79EFB /* Preview Content */ = {
			isa = PBXGroup;
			children = (
				F922BE0429DD9AEB00A79EFB /* Preview Assets.xcassets */,
			);
			path = "Preview Content";
			sourceTree = "<group>";
		};
		F922BE0E29DD9AEB00A79EFB /* GitStoreTests */ = {
			isa = PBXGroup;
			children = (
				F922BE0F29DD9AEB00A79EFB /* GitStoreTests.swift */,
			);
			path = GitStoreTests;
			sourceTree = "<group>";
		};
		F922BE1829DD9AEB00A79EFB /* GitStoreUITests */ = {
			isa = PBXGroup;
			children = (
				F922BE1929DD9AEB00A79EFB /* GitStoreUITests.swift */,
				F922BE1B29DD9AEB00A79EFB /* GitStoreUITestsLaunchTests.swift */,
			);
			path = GitStoreUITests;
			sourceTree = "<group>";
		};
/* End PBXGroup section */

/* Begin PBXNativeTarget section */
		F922BDF929DD9AE800A79EFB /* GitStore */ = {
			isa = PBXNativeTarget;
			buildConfigurationList = F922BE1F29DD9AEB00A79EFB /* Build configuration list for PBXNativeTarget "GitStore" */;
			buildPhases = (
				F922BDF629DD9AE800A79EFB /* Sources */,
				F922BDF729DD9AE800A79EFB /* Frameworks */,
				F922BDF829DD9AE800A79EFB /* Resources */,
			);
			buildRules = (
			);
			dependencies = (
			);
			name = GitStore;
			productName = GitStore;
			productReference = F922BDFA29DD9AE800A79EFB /* GitStore.app */;
			productType = "com.apple.product-type.application";
		};
		F922BE0A29DD9AEB00A79EFB /* GitStoreTests */ = {
			isa = PBXNativeTarget;
			buildConfigurationList = F922BE2229DD9AEB00A79EFB /* Build configuration list for PBXNativeTarget "GitStoreTests" */;
			buildPhases = (
				F922BE0729DD9AEB00A79EFB /* Sources */,
				F922BE0829DD9AEB00A79EFB /* Frameworks */,
				F922BE0929DD9AEB00A79EFB /* Resources */,
			);
			buildRules = (
			);
			dependencies = (
				F922BE0D29DD9AEB00A79EFB /* PBXTargetDependency */,
			);
			name = GitStoreTests;
			productName = GitStoreTests;
			productReference = F922BE0B29DD9AEB00A79EFB /* GitStoreTests.xctest */;
			productType = "com.apple.product-type.bundle.unit-test";
		};
		F922BE1429DD9AEB00A79EFB /* GitStoreUITests */ = {
			isa = PBXNativeTarget;
			buildConfigurationList = F922BE2529DD9AEB00A79EFB /* Build configuration list for PBXNativeTarget "GitStoreUITests" */;
			buildPhases = (
				F922BE1129DD9AEB00A79EFB /* Sources */,
				F922BE1229DD9AEB00A79EFB /* Frameworks */,
				F922BE1329DD9AEB00A79EFB /* Resources */,
			);
			buildRules = (
			);
			dependencies = (
				F922BE1729DD9AEB00A79EFB /* PBXTargetDependency */,
			);
			name = GitStoreUITests;
			productName = GitStoreUITests;
			productReference = F922BE1529DD9AEB00A79EFB /* GitStoreUITests.xctest */;
			productType = "com.apple.product-type.bundle.ui-testing";
		};
/* End PBXNativeTarget section */

/* Begin PBXProject section */
		F922BDF229DD9AE800A79EFB /* Project object */ = {
			isa = PBXProject;
			attributes = {
				BuildIndependentTargetsInParallel = 1;
				LastSwiftUpdateCheck = 1420;
				LastUpgradeCheck = 1420;
				TargetAttributes = {
					F922BDF929DD9AE800A79EFB = {
						CreatedOnToolsVersion = 14.2;
					};
					F922BE0A29DD9AEB00A79EFB = {
						CreatedOnToolsVersion = 14.2;
						TestTargetID = F922BDF929DD9AE800A79EFB;
					};
					F922BE1429DD9AEB00A79EFB = {
						CreatedOnToolsVersion = 14.2;
						TestTargetID = F922BDF929DD9AE800A79EFB;
					};
				};
			};
			buildConfigurationList = F922BDF529DD9AE800A79EFB /* Build configuration list for PBXProject "GitStore" */;
			compatibilityVersion = "Xcode 14.0";
			developmentRegion = en;
			hasScannedForEncodings = 0;
			knownRegions = (
				en,
				Base,
			);
			mainGroup = F922BDF129DD9AE800A79EFB;
			productRefGroup = F922BDFB29DD9AE800A79EFB /* Products */;
			projectDirPath = "";
			projectRoot = "";
			targets = (
				F922BDF929DD9AE800A79EFB /* GitStore */,
				F922BE0A29DD9AEB00A79EFB /* GitStoreTests */,
				F922BE1429DD9AEB00A79EFB /* GitStoreUITests */,
			);
		};
/* End PBXProject section */

/* Begin PBXResourcesBuildPhase section */
		F922BDF829DD9AE800A79EFB /* Resources */ = {
			isa = PBXResourcesBuildPhase;
			buildActionMask = 2147483647;
			files = (
				F922BE0529DD9AEB00A79EFB /* Preview Assets.xcassets in Resources */,
				F922BE0229DD9AEB00A79EFB /* Assets.xcassets in Resources */,
			);
			runOnlyForDeploymentPostprocessing = 0;
		};
		F922BE0929DD9AEB00A79EFB /* Resources */ = {
			isa = PBXResourcesBuildPhase;
			buildActionMask = 2147483647;
			files = (
			);
			runOnlyForDeploymentPostprocessing = 0;
		};
		F922BE1329DD9AEB00A79EFB /* Resources */ = {
			isa = PBXResourcesBuildPhase;
			buildActionMask = 2147483647;
			files = (
			);
			runOnlyForDeploymentPostprocessing = 0;
		};
/* End PBXResourcesBuildPhase section */

/* Begin PBXSourcesBuildPhase section */
		F922BDF629DD9AE800A79EFB /* Sources */ = {
			isa = PBXSourcesBuildPhase;
			buildActionMask = 2147483647;
			files = (
				F922BE0029DD9AE800A79EFB /* ContentView.swift in Sources */,
				F922BDFE29DD9AE800A79EFB /* GitStoreApp.swift in Sources */,
			);
			runOnlyForDeploymentPostprocessing = 0;
		};
		F922BE0729DD9AEB00A79EFB /* Sources */ = {
			isa = PBXSourcesBuildPhase;
			buildActionMask = 2147483647;
			files = (
				F922BE1029DD9AEB00A79EFB /* GitStoreTests.swift in Sources */,
			);
			runOnlyForDeploymentPostprocessing = 0;
		};
		F922BE1129DD9AEB00A79EFB /* Sources */ = {
			isa = PBXSourcesBuildPhase;
			buildActionMask = 2147483647;
			files = (
				F922BE1C29DD9AEB00A79EFB /* GitStoreUITestsLaunchTests.swift in Sources */,
				F922BE1A29DD9AEB00A79EFB /* GitStoreUITests.swift in Sources */,
			);
			runOnlyForDeploymentPostprocessing = 0;
		};
/* End PBXSourcesBuildPhase section */

/* Begin PBXTargetDependency section */
		F922BE0D29DD9AEB00A79EFB /* PBXTargetDependency */ = {
			isa = PBXTargetDependency;
			target = F922BDF929DD9AE800A79EFB /* GitStore */;
			targetProxy = F922BE0C29DD9AEB00A79EFB /* PBXContainerItemProxy */;
		};
		F922BE1729DD9AEB00A79EFB /* PBXTargetDependency */ = {
			isa = PBXTargetDependency;
			target = F922BDF929DD9AE800A79EFB /* GitStore */;
			targetProxy = F922BE1629DD9AEB00A79EFB /* PBXContainerItemProxy */;
		};
/* End PBXTargetDependency section */

/* Begin XCBuildConfiguration section */
		F922BE1D29DD9AEB00A79EFB /* Debug */ = {
			isa = XCBuildConfiguration;
			buildSettings = {
				ALWAYS_SEARCH_USER_PATHS = NO;
				CLANG_ANALYZER_NONNULL = YES;
				CLANG_ANALYZER_NUMBER_OBJECT_CONVERSION = YES_AGGRESSIVE;
				CLANG_CXX_LANGUAGE_STANDARD = "gnu++20";
				CLANG_ENABLE_MODULES = YES;
				CLANG_ENABLE_OBJC_ARC = YES;
				CLANG_ENABLE_OBJC_WEAK = YES;
				CLANG_WARN_BLOCK_CAPTURE_AUTORELEASING = YES;
				CLANG_WARN_BOOL_CONVERSION = YES;
				CLANG_WARN_COMMA = YES;
				CLANG_WARN_CONSTANT_CONVERSION = YES;
				CLANG_WARN_DEPRECATED_OBJC_IMPLEMENTATIONS = YES;
				CLANG_WARN_DIRECT_OBJC_ISA_USAGE = YES_ERROR;
				CLANG_WARN_DOCUMENTATION_COMMENTS = YES;
				CLANG_WARN_EMPTY_BODY = YES;
				CLANG_WARN_ENUM_CONVERSION = YES;
				CLANG_WARN_INFINITE_RECURSION = YES;
				CLANG_WARN_INT_CONVERSION = YES;
				CLANG_WARN_NON_LITERAL_NULL_CONVERSION = YES;
				CLANG_WARN_OBJC_IMPLICIT_RETAIN_SELF = YES;
				CLANG_WARN_OBJC_LITERAL_CONVERSION = YES;
				CLANG_WARN_OBJC_ROOT_CLASS = YES_ERROR;
				CLANG_WARN_QUOTED_INCLUDE_IN_FRAMEWORK_HEADER = YES;
				CLANG_WARN_RANGE_LOOP_ANALYSIS = YES;
				CLANG_WARN_STRICT_PROTOTYPES = YES;
				CLANG_WARN_SUSPICIOUS_MOVE = YES;
				CLANG_WARN_UNGUARDED_AVAILABILITY = YES_AGGRESSIVE;
				CLANG_WARN_UNREACHABLE_CODE = YES;
				CLANG_WARN__DUPLICATE_METHOD_MATCH = YES;
				COPY_PHASE_STRIP = NO;
				DEBUG_INFORMATION_FORMAT = dwarf;
				ENABLE_STRICT_OBJC_MSGSEND = YES;
				ENABLE_TESTABILITY = YES;
				GCC_C_LANGUAGE_STANDARD = gnu11;
				GCC_DYNAMIC_NO_PIC = NO;
				GCC_NO_COMMON_BLOCKS = YES;
				GCC_OPTIMIZATION_LEVEL = 0;
				GCC_PREPROCESSOR_DEFINITIONS = (
					"DEBUG=1",
					"$(inherited)",
				);
				GCC_WARN_64_TO_32_BIT_CONVERSION = YES;
				GCC_WARN_ABOUT_RETURN_TYPE = YES_ERROR;
				GCC_WARN_UNDECLARED_SELECTOR = YES;
				GCC_WARN_UNINITIALIZED_AUTOS = YES_AGGRESSIVE;
				GCC_WARN_UNUSED_FUNCTION = YES;
				GCC_WARN_UNUSED_VARIABLE = YES;
				MACOSX_DEPLOYMENT_TARGET = 13.0;
				MTL_ENABLE_DEBUG_INFO = INCLUDE_SOURCE;
				MTL_FAST_MATH = YES;
				ONLY_ACTIVE_ARCH = YES;
				SDKROOT = macosx;
				SWIFT_ACTIVE_COMPILATION_CONDITIONS = DEBUG;
				SWIFT_OPTIMIZATION_LEVEL = "-Onone";
			};
			name = Debug;
		};
		F922BE1E29DD9AEB00A79EFB /* Release */ = {
			isa = XCBuildConfiguration;
			buildSettings = {
				ALWAYS_SEARCH_USER_PATHS = NO;
				CLANG_ANALYZER_NONNULL = YES;
				CLANG_ANALYZER_NUMBER_OBJECT_CONVERSION = YES_AGGRESSIVE;
				CLANG_CXX_LANGUAGE_STANDARD = "gnu++20";
				CLANG_ENABLE_MODULES = YES;
				CLANG_ENABLE_OBJC_ARC = YES;
				CLANG_ENABLE_OBJC_WEAK = YES;
				CLANG_WARN_BLOCK_CAPTURE_AUTORELEASING = YES;
				CLANG_WARN_BOOL_CONVERSION = YES;
				CLANG_WARN_COMMA = YES;
				CLANG_WARN_CONSTANT_CONVERSION = YES;
				CLANG_WARN_DEPRECATED_OBJC_IMPLEMENTATIONS = YES;
				CLANG_WARN_DIRECT_OBJC_ISA_USAGE = YES_ERROR;
				CLANG_WARN_DOCUMENTATION_COMMENTS = YES;
				CLANG_WARN_EMPTY_BODY = YES;
				CLANG_WARN_ENUM_CONVERSION = YES;
				CLANG_WARN_INFINITE_RECURSION = YES;
				CLANG_WARN_INT_CONVERSION = YES;
				CLANG_WARN_NON_LITERAL_NULL_CONVERSION = YES;
				CLANG_WARN_OBJC_IMPLICIT_RETAIN_SELF = YES;
				CLANG_WARN_OBJC_LITERAL_CONVERSION = YES;
				CLANG_WARN_OBJC_ROOT_CLASS = YES_ERROR;
				CLANG_WARN_QUOTED_INCLUDE_IN_FRAMEWORK_HEADER = YES;
				CLANG_WARN_RANGE_LOOP_ANALYSIS = YES;
				CLANG_WARN_STRICT_PROTOTYPES = YES;
				CLANG_WARN_SUSPICIOUS_MOVE = YES;
				CLANG_WARN_UNGUARDED_AVAILABILITY = YES_AGGRESSIVE;
				CLANG_WARN_UNREACHABLE_CODE = YES;
				CLANG_WARN__DUPLICATE_METHOD_MATCH = YES;
				COPY_PHASE_STRIP = NO;
				DEBUG_INFORMATION_FORMAT = "dwarf-with-dsym";
				ENABLE_NS_ASSERTIONS = NO;
				ENABLE_STRICT_OBJC_MSGSEND = YES;
				GCC_C_LANGUAGE_STANDARD = gnu11;
				GCC_NO_COMMON_BLOCKS = YES;
				GCC_WARN_64_TO_32_BIT_CONVERSION = YES;
				GCC_WARN_ABOUT_RETURN_TYPE = YES_ERROR;
				GCC_WARN_UNDECLARED_SELECTOR = YES;
				GCC_WARN_UNINITIALIZED_AUTOS = YES_AGGRESSIVE;
				GCC_WARN_UNUSED_FUNCTION = YES;
				GCC_WARN_UNUSED_VARIABLE = YES;
				MACOSX_DEPLOYMENT_TARGET = 13.0;
				MTL_ENABLE_DEBUG_INFO = NO;
				MTL_FAST_MATH = YES;
				SDKROOT = macosx;
				SWIFT_COMPILATION_MODE = wholemodule;
				SWIFT_OPTIMIZATION_LEVEL = "-O";
			};
			name = Release;
		};
		F922BE2029DD9AEB00A79EFB /* Debug */ = {
			isa = XCBuildConfiguration;
			buildSettings = {
				ASSETCATALOG_COMPILER_APPICON_NAME = AppIcon;
				ASSETCATALOG_COMPILER_GLOBAL_ACCENT_COLOR_NAME = AccentColor;
				CODE_SIGN_ENTITLEMENTS = GitStore/GitStore.entitlements;
				CODE_SIGN_STYLE = Automatic;
				COMBINE_HIDPI_IMAGES = YES;
				CURRENT_PROJECT_VERSION = 1;
				DEVELOPMENT_ASSET_PATHS = "\"GitStore/Preview Content\"";
				DEVELOPMENT_TEAM = ABL4JWM3PY;
				ENABLE_HARDENED_RUNTIME = YES;
				ENABLE_PREVIEWS = YES;
				GENERATE_INFOPLIST_FILE = YES;
				INFOPLIST_KEY_NSHumanReadableCopyright = "";
				LD_RUNPATH_SEARCH_PATHS = (
					"$(inherited)",
					"@executable_path/../Frameworks",
				);
				MARKETING_VERSION = 1.0;
				PRODUCT_BUNDLE_IDENTIFIER = com.tkgka.GitStore;
				PRODUCT_NAME = "$(TARGET_NAME)";
				SWIFT_EMIT_LOC_STRINGS = YES;
				SWIFT_VERSION = 5.0;
			};
			name = Debug;
		};
		F922BE2129DD9AEB00A79EFB /* Release */ = {
			isa = XCBuildConfiguration;
			buildSettings = {
				ASSETCATALOG_COMPILER_APPICON_NAME = AppIcon;
				ASSETCATALOG_COMPILER_GLOBAL_ACCENT_COLOR_NAME = AccentColor;
				CODE_SIGN_ENTITLEMENTS = GitStore/GitStore.entitlements;
				CODE_SIGN_STYLE = Automatic;
				COMBINE_HIDPI_IMAGES = YES;
				CURRENT_PROJECT_VERSION = 1;
				DEVELOPMENT_ASSET_PATHS = "\"GitStore/Preview Content\"";
				DEVELOPMENT_TEAM = ABL4JWM3PY;
				ENABLE_HARDENED_RUNTIME = YES;
				ENABLE_PREVIEWS = YES;
				GENERATE_INFOPLIST_FILE = YES;
				INFOPLIST_KEY_NSHumanReadableCopyright = "";
				LD_RUNPATH_SEARCH_PATHS = (
					"$(inherited)",
					"@executable_path/../Frameworks",
				);
				MARKETING_VERSION = 1.0;
				PRODUCT_BUNDLE_IDENTIFIER = com.tkgka.GitStore;
				PRODUCT_NAME = "$(TARGET_NAME)";
				SWIFT_EMIT_LOC_STRINGS = YES;
				SWIFT_VERSION = 5.0;
			};
			name = Release;
		};
		F922BE2329DD9AEB00A79EFB /* Debug */ = {
			isa = XCBuildConfiguration;
			buildSettings = {
				ALWAYS_EMBED_SWIFT_STANDARD_LIBRARIES = YES;
				BUNDLE_LOADER = "$(TEST_HOST)";
				CODE_SIGN_STYLE = Automatic;
				CURRENT_PROJECT_VERSION = 1;
				DEVELOPMENT_TEAM = ABL4JWM3PY;
				GENERATE_INFOPLIST_FILE = YES;
				MACOSX_DEPLOYMENT_TARGET = 13.0;
				MARKETING_VERSION = 1.0;
				PRODUCT_BUNDLE_IDENTIFIER = com.tkgka.GitStoreTests;
				PRODUCT_NAME = "$(TARGET_NAME)";
				SWIFT_EMIT_LOC_STRINGS = NO;
				SWIFT_VERSION = 5.0;
				TEST_HOST = "$(BUILT_PRODUCTS_DIR)/GitStore.app/$(BUNDLE_EXECUTABLE_FOLDER_PATH)/GitStore";
			};
			name = Debug;
		};
		F922BE2429DD9AEB00A79EFB /* Release */ = {
			isa = XCBuildConfiguration;
			buildSettings = {
				ALWAYS_EMBED_SWIFT_STANDARD_LIBRARIES = YES;
				BUNDLE_LOADER = "$(TEST_HOST)";
				CODE_SIGN_STYLE = Automatic;
				CURRENT_PROJECT_VERSION = 1;
				DEVELOPMENT_TEAM = ABL4JWM3PY;
				GENERATE_INFOPLIST_FILE = YES;
				MACOSX_DEPLOYMENT_TARGET = 13.0;
				MARKETING_VERSION = 1.0;
				PRODUCT_BUNDLE_IDENTIFIER = com.tkgka.GitStoreTests;
				PRODUCT_NAME = "$(TARGET_NAME)";
				SWIFT_EMIT_LOC_STRINGS = NO;
				SWIFT_VERSION = 5.0;
				TEST_HOST = "$(BUILT_PRODUCTS_DIR)/GitStore.app/$(BUNDLE_EXECUTABLE_FOLDER_PATH)/GitStore";
			};
			name = Release;
		};
		F922BE2629DD9AEB00A79EFB /* Debug */ = {
			isa = XCBuildConfiguration;
			buildSettings = {
				ALWAYS_EMBED_SWIFT_STANDARD_LIBRARIES = YES;
				CODE_SIGN_STYLE = Automatic;
				CURRENT_PROJECT_VERSION = 1;
				DEVELOPMENT_TEAM = ABL4JWM3PY;
				GENERATE_INFOPLIST_FILE = YES;
				MARKETING_VERSION = 1.0;
				PRODUCT_BUNDLE_IDENTIFIER = com.tkgka.GitStoreUITests;
				PRODUCT_NAME = "$(TARGET_NAME)";
				SWIFT_EMIT_LOC_STRINGS = NO;
				SWIFT_VERSION = 5.0;
				TEST_TARGET_NAME = GitStore;
			};
			name = Debug;
		};
		F922BE2729DD9AEB00A79EFB /* Release */ = {
			isa = XCBuildConfiguration;
			buildSettings = {
				ALWAYS_EMBED_SWIFT_STANDARD_LIBRARIES = YES;
				CODE_SIGN_STYLE = Automatic;
				CURRENT_PROJECT_VERSION = 1;
				DEVELOPMENT_TEAM = ABL4JWM3PY;
				GENERATE_INFOPLIST_FILE = YES;
				MARKETING_VERSION = 1.0;
				PRODUCT_BUNDLE_IDENTIFIER = com.tkgka.GitStoreUITests;
				PRODUCT_NAME = "$(TARGET_NAME)";
				SWIFT_EMIT_LOC_STRINGS = NO;
				SWIFT_VERSION = 5.0;
				TEST_TARGET_NAME = GitStore;
			};
			name = Release;
		};
/* End XCBuildConfiguration section */

/* Begin XCConfigurationList section */
		F922BDF529DD9AE800A79EFB /* Build configuration list for PBXProject "GitStore" */ = {
			isa = XCConfigurationList;
			buildConfigurations = (
				F922BE1D29DD9AEB00A79EFB /* Debug */,
				F922BE1E29DD9AEB00A79EFB /* Release */,
			);
			defaultConfigurationIsVisible = 0;
			defaultConfigurationName = Release;
		};
		F922BE1F29DD9AEB00A79EFB /* Build configuration list for PBXNativeTarget "GitStore" */ = {
			isa = XCConfigurationList;
			buildConfigurations = (
				F922BE2029DD9AEB00A79EFB /* Debug */,
				F922BE2129DD9AEB00A79EFB /* Release */,
			);
			defaultConfigurationIsVisible = 0;
			defaultConfigurationName = Release;
		};
		F922BE2229DD9AEB00A79EFB /* Build configuration list for PBXNativeTarget "GitStoreTests" */ = {
			isa = XCConfigurationList;
			buildConfigurations = (
				F922BE2329DD9AEB00A79EFB /* Debug */,
				F922BE2429DD9AEB00A79EFB /* Release */,
			);
			defaultConfigurationIsVisible = 0;
			defaultConfigurationName = Release;
		};
		F922BE2529DD9AEB00A79EFB /* Build configuration list for PBXNativeTarget "GitStoreUITests" */ = {
			isa = XCConfigurationList;
			buildConfigurations = (
				F922BE2629DD9AEB00A79EFB /* Debug */,
				F922BE2729DD9AEB00A79EFB /* Release */,
			);
			defaultConfigurationIsVisible = 0;
			defaultConfigurationName = Release;
		};
/* End XCConfigurationList section */
	};
	rootObject = F922BDF229DD9AE800A79EFB /* Project object */;
}
